
Microsoft Visual Studio Solution File, Format Version 12.00
Project("{2150E333-8FDC-42A3-9474-1A3956D46DE8}") = "Core", "Core", "{01C5B1E5-77F1-458C-98FF-BC42DAB32964}"
EndProject
Project("{2150E333-8FDC-42A3-9474-1A3956D46DE8}") = "src", "src", "{B57AFEE3-98E9-41FA-8147-673CB3872187}"
EndProject
Project("{2150E333-8FDC-42A3-9474-1A3956D46DE8}") = "tests", "tests", "{7337E3F3-BF77-4716-9AC9-A5B38888DE29}"
EndProject
Project("{2150E333-8FDC-42A3-9474-1A3956D46DE8}") = "Api", "Api", "{FDFCC83E-E80F-4512-9370-55884EFE7F87}"
EndProject
Project("{2150E333-8FDC-42A3-9474-1A3956D46DE8}") = "Infrastructure", "Infrastructure", "{F97F6436-47F5-4B6E-A2C0-BD41F2EED610}"
EndProject
Project("{2150E333-8FDC-42A3-9474-1A3956D46DE8}") = "UI", "UI", "{0A316EDD-A0CC-4D44-A528-B97BEF37032F}"
EndProject
Project("{FAE04EC0-301F-11D3-BF4B-00C04F79EFBC}") = "StudentApi.Domain", "StudentApi.Domain\StudentApi.Domain.csproj", "{1532D221-DF62-4F70-9C6A-F049A6587081}"
EndProject
Project("{FAE04EC0-301F-11D3-BF4B-00C04F79EFBC}") = "StudentApi.Application", "StudentApi.Application\StudentApi.Application.csproj", "{FB0243C5-9D15-4BA7-8BA9-CBAF96A3EADC}"
EndProject
Project("{FAE04EC0-301F-11D3-BF4B-00C04F79EFBC}") = "StudentApi.Persistence", "StudentApi.Persistence\StudentApi.Persistence.csproj", "{8410811D-BA95-4D2B-A811-87AE61D8B58E}"
EndProject
Global
	GlobalSection(SolutionConfigurationPlatforms) = preSolution
		Debug|Any CPU = Debug|Any CPU
		Release|Any CPU = Release|Any CPU
	EndGlobalSection
	GlobalSection(ProjectConfigurationPlatforms) = postSolution
		{1532D221-DF62-4F70-9C6A-F049A6587081}.Debug|Any CPU.ActiveCfg = Debug|Any CPU
		{1532D221-DF62-4F70-9C6A-F049A6587081}.Debug|Any CPU.Build.0 = Debug|Any CPU
		{1532D221-DF62-4F70-9C6A-F049A6587081}.Release|Any CPU.ActiveCfg = Release|Any CPU
		{1532D221-DF62-4F70-9C6A-F049A6587081}.Release|Any CPU.Build.0 = Release|Any CPU
		{FB0243C5-9D15-4BA7-8BA9-CBAF96A3EADC}.Debug|Any CPU.ActiveCfg = Debug|Any CPU
		{FB0243C5-9D15-4BA7-8BA9-CBAF96A3EADC}.Debug|Any CPU.Build.0 = Debug|Any CPU
		{FB0243C5-9D15-4BA7-8BA9-CBAF96A3EADC}.Release|Any CPU.ActiveCfg = Release|Any CPU
		{FB0243C5-9D15-4BA7-8BA9-CBAF96A3EADC}.Release|Any CPU.Build.0 = Release|Any CPU
		{8410811D-BA95-4D2B-A811-87AE61D8B58E}.Debug|Any CPU.ActiveCfg = Debug|Any CPU
		{8410811D-BA95-4D2B-A811-87AE61D8B58E}.Debug|Any CPU.Build.0 = Debug|Any CPU
		{8410811D-BA95-4D2B-A811-87AE61D8B58E}.Release|Any CPU.ActiveCfg = Release|Any CPU
		{8410811D-BA95-4D2B-A811-87AE61D8B58E}.Release|Any CPU.Build.0 = Release|Any CPU
	EndGlobalSection
	GlobalSection(NestedProjects) = preSolution
		{01C5B1E5-77F1-458C-98FF-BC42DAB32964} = {B57AFEE3-98E9-41FA-8147-673CB3872187}
		{FDFCC83E-E80F-4512-9370-55884EFE7F87} = {B57AFEE3-98E9-41FA-8147-673CB3872187}
		{F97F6436-47F5-4B6E-A2C0-BD41F2EED610} = {B57AFEE3-98E9-41FA-8147-673CB3872187}
		{0A316EDD-A0CC-4D44-A528-B97BEF37032F} = {B57AFEE3-98E9-41FA-8147-673CB3872187}
		{1532D221-DF62-4F70-9C6A-F049A6587081} = {01C5B1E5-77F1-458C-98FF-BC42DAB32964}
		{FB0243C5-9D15-4BA7-8BA9-CBAF96A3EADC} = {01C5B1E5-77F1-458C-98FF-BC42DAB32964}
		{8410811D-BA95-4D2B-A811-87AE61D8B58E} = {F97F6436-47F5-4B6E-A2C0-BD41F2EED610}
	EndGlobalSection
EndGlobal
